
Microsoft Visual Studio Solution File, Format Version 12.00
# Visual Studio Version 16
VisualStudioVersion = 16.0.29905.134
MinimumVisualStudioVersion = 10.0.40219.1
Project("{FAE04EC0-301F-11D3-BF4B-00C04F79EFBC}") = "Zestaw11", "Zestaw11\Zestaw11.csproj", "{4E9CD712-7103-442D-815F-A23F37691D32}"
EndProject
Global
	GlobalSection(SolutionConfigurationPlatforms) = preSolution
		Debug|Any CPU = Debug|Any CPU
		Release|Any CPU = Release|Any CPU
	EndGlobalSection
	GlobalSection(ProjectConfigurationPlatforms) = postSolution
		{4E9CD712-7103-442D-815F-A23F37691D32}.Debug|Any CPU.ActiveCfg = Debug|Any CPU
		{4E9CD712-7103-442D-815F-A23F37691D32}.Debug|Any CPU.Build.0 = Debug|Any CPU
		{4E9CD712-7103-442D-815F-A23F37691D32}.Release|Any CPU.ActiveCfg = Release|Any CPU
		{4E9CD712-7103-442D-815F-A23F37691D32}.Release|Any CPU.Build.0 = Release|Any CPU
	EndGlobalSection
	GlobalSection(SolutionProperties) = preSolution
		HideSolutionNode = FALSE
	EndGlobalSection
	GlobalSection(ExtensibilityGlobals) = postSolution
		SolutionGuid = {4F88F283-9B38-484E-99B4-E4BF6786560B}
	EndGlobalSection
EndGlobal
